
Microsoft Visual Studio Solution File, Format Version 9.00
# Visual Studio 2005
Project("{8BC9CEB8-8B4A-11D0-8D11-00A0C91BC942}") = "test", "test.vcproj", "{BCD0C6AF-13C1-45AD-B15F-26EB5E2E6C1B}"
EndProject
Global
	GlobalSection(SolutionConfigurationPlatforms) = preSolution
		Debug|Win32 = Debug|Win32
		Release|Win32 = Release|Win32
	EndGlobalSection
	GlobalSection(ProjectConfigurationPlatforms) = postSolution
		{BCD0C6AF-13C1-45AD-B15F-26EB5E2E6C1B}.Debug|Win32.ActiveCfg = Debug|Win32
		{BCD0C6AF-13C1-45AD-B15F-26EB5E2E6C1B}.Debug|Win32.Build.0 = Debug|Win32
		{BCD0C6AF-13C1-45AD-B15F-26EB5E2E6C1B}.Release|Win32.ActiveCfg = Release|Win32
		{BCD0C6AF-13C1-45AD-B15F-26EB5E2E6C1B}.Release|Win32.Build.0 = Release|Win32
	EndGlobalSection
	GlobalSection(SolutionProperties) = preSolution
		HideSolutionNode = FALSE
	EndGlobalSection
EndGlobal
